
Microsoft Visual Studio Solution File, Format Version 12.00
# Visual Studio Version 17
VisualStudioVersion = 17.2.32630.192
MinimumVisualStudioVersion = 10.0.40219.1
Project("{FAE04EC0-301F-11D3-BF4B-00C04F79EFBC}") = "MsaProject", "MsaProject\MsaProject.csproj", "{837E37E1-DB61-4167-9285-5F591AEBD839}"
EndProject
Project("{FAE04EC0-301F-11D3-BF4B-00C04F79EFBC}") = "MsaProject.Dal", "MsaProject.Dal\MsaProject.Dal.csproj", "{DA77189D-9A90-4F1C-B156-4479B5A67718}"
EndProject
Project("{FAE04EC0-301F-11D3-BF4B-00C04F79EFBC}") = "MsaProject.Domain", "MsaProject.Domain\MsaProject.Domain.csproj", "{262E0279-EC7A-4C1C-A742-87B49DEB2B0F}"
EndProject
Project("{FAE04EC0-301F-11D3-BF4B-00C04F79EFBC}") = "MsaProject.Application", "MsaProject.Application\MsaProject.Application.csproj", "{A552B1E1-9140-4E78-B00E-F45B7720F019}"
EndProject
Global
	GlobalSection(SolutionConfigurationPlatforms) = preSolution
		Debug|Any CPU = Debug|Any CPU
		Release|Any CPU = Release|Any CPU
	EndGlobalSection
	GlobalSection(ProjectConfigurationPlatforms) = postSolution
		{837E37E1-DB61-4167-9285-5F591AEBD839}.Debug|Any CPU.ActiveCfg = Debug|Any CPU
		{837E37E1-DB61-4167-9285-5F591AEBD839}.Debug|Any CPU.Build.0 = Debug|Any CPU
		{837E37E1-DB61-4167-9285-5F591AEBD839}.Release|Any CPU.ActiveCfg = Release|Any CPU
		{837E37E1-DB61-4167-9285-5F591AEBD839}.Release|Any CPU.Build.0 = Release|Any CPU
		{DA77189D-9A90-4F1C-B156-4479B5A67718}.Debug|Any CPU.ActiveCfg = Debug|Any CPU
		{DA77189D-9A90-4F1C-B156-4479B5A67718}.Debug|Any CPU.Build.0 = Debug|Any CPU
		{DA77189D-9A90-4F1C-B156-4479B5A67718}.Release|Any CPU.ActiveCfg = Release|Any CPU
		{DA77189D-9A90-4F1C-B156-4479B5A67718}.Release|Any CPU.Build.0 = Release|Any CPU
		{262E0279-EC7A-4C1C-A742-87B49DEB2B0F}.Debug|Any CPU.ActiveCfg = Debug|Any CPU
		{262E0279-EC7A-4C1C-A742-87B49DEB2B0F}.Debug|Any CPU.Build.0 = Debug|Any CPU
		{262E0279-EC7A-4C1C-A742-87B49DEB2B0F}.Release|Any CPU.ActiveCfg = Release|Any CPU
		{262E0279-EC7A-4C1C-A742-87B49DEB2B0F}.Release|Any CPU.Build.0 = Release|Any CPU
		{A552B1E1-9140-4E78-B00E-F45B7720F019}.Debug|Any CPU.ActiveCfg = Debug|Any CPU
		{A552B1E1-9140-4E78-B00E-F45B7720F019}.Debug|Any CPU.Build.0 = Debug|Any CPU
		{A552B1E1-9140-4E78-B00E-F45B7720F019}.Release|Any CPU.ActiveCfg = Release|Any CPU
		{A552B1E1-9140-4E78-B00E-F45B7720F019}.Release|Any CPU.Build.0 = Release|Any CPU
	EndGlobalSection
	GlobalSection(SolutionProperties) = preSolution
		HideSolutionNode = FALSE
	EndGlobalSection
	GlobalSection(ExtensibilityGlobals) = postSolution
		SolutionGuid = {0F52D2C0-8415-45CF-BF5C-74EAD3A6FDAA}
	EndGlobalSection
EndGlobal
